{
  "object": {
    "pins": [
      {
        "package": "LaughingOctoAdventure",
        "repositoryURL": "https://github.com/JustinWhiteDeveloper/laughing-octo-adventure",
        "state": {
          "branch": null,
          "revision": "c914d10982aeda4e6b30160d4574f8e36a4a3b53",
          "version": "0.0.8"
        }
      },
      {
        "package": "RealmDatabase",
        "repositoryURL": "https://github.com/realm/realm-core",
        "state": {
          "branch": null,
          "revision": "9e2f3cb730a546ff33e95c563a85e3cf61f17d17",
          "version": "12.0.0"
        }
      },
      {
        "package": "Realm",
        "repositoryURL": "https://github.com/realm/realm-swift.git",
        "state": {
          "branch": "master",
          "revision": "812fafabeb198b832e0a00633992f89907371ec5",
          "version": null
        }
      }
    ]
  },
  "version": 1
}
